<?xml version="1.0" encoding="utf-8"?>
<Project ToolsVersion="4.0" xmlns="http://schemas.microsoft.com/developer/msbuild/2003">
  <ItemGroup>
    <ClCompile Include="main.cpp" />
    <ClCompile Include="util\Console.cpp">
      <Filter>util</Filter>
    </ClCompile>
    <ClCompile Include="gui\Paint.cpp">
      <Filter>gui</Filter>
    </ClCompile>
    <ClCompile Include="util\Rect.cpp">
      <Filter>util</Filter>
    </ClCompile>
    <ClCompile Include="translate\Translate.cpp">
      <Filter>translate</Filter>
    </ClCompile>
    <ClCompile Include="scratch\ScratchObject.cpp">
      <Filter>scratch</Filter>
    </ClCompile>
    <ClCompile Include="scratch\ScratchStage.cpp">
      <Filter>scratch</Filter>
    </ClCompile>
    <ClCompile Include="scratch\ScratchSprite.cpp">
      <Filter>scratch</Filter>
    </ClCompile>
    <ClCompile Include="scratch\ScratchInfo.cpp">
      <Filter>scratch</Filter>
    </ClCompile>
    <ClCompile Include="scratch\ScratchCostume.cpp">
      <Filter>scratch</Filter>
    </ClCompile>
    <ClCompile Include="scratch\ScratchSound.cpp">
      <Filter>scratch</Filter>
    </ClCompile>
    <ClCompile Include="util\Json.cpp">
      <Filter>util</Filter>
    </ClCompile>
    <ClCompile Include="scratch\ScratchValue.cpp">
      <Filter>scratch</Filter>
    </ClCompile>
    <ClCompile Include="scratch\Scratch.cpp">
      <Filter>scratch</Filter>
    </ClCompile>
    <ClCompile Include="scratch\ScratchScript.cpp">
      <Filter>scratch</Filter>
    </ClCompile>
    <ClCompile Include="scratch\ScratchScriptPart.cpp">
      <Filter>scratch</Filter>
    </ClCompile>
    <ClCompile Include="scratch\ScratchSpec.cpp">
      <Filter>scratch</Filter>
    </ClCompile>
    <ClCompile Include="scratch\ScratchRuntime.cpp">
      <Filter>scratch</Filter>
    </ClCompile>
    <ClCompile Include="util\Color.cpp">
      <Filter>util</Filter>
    </ClCompile>
    <ClCompile Include="scratch\ScratchVariable.cpp">
      <Filter>scratch</Filter>
    </ClCompile>
    <ClCompile Include="command\EditorCommand.cpp">
      <Filter>command</Filter>
    </ClCompile>
    <ClCompile Include="interface\cpp\ScratchExtension.h">
      <Filter>interface\cpp</Filter>
    </ClCompile>
    <ClCompile Include="util\FileIO.cpp">
      <Filter>util</Filter>
    </ClCompile>
  </ItemGroup>
  <ItemGroup>
    <Filter Include="scratch">
      <UniqueIdentifier>{2510788f-e5e9-4ca8-8024-68357286e9a2}</UniqueIdentifier>
    </Filter>
    <Filter Include="util">
      <UniqueIdentifier>{9d1d6c7c-02f5-43c3-bbe3-62305116d09e}</UniqueIdentifier>
    </Filter>
    <Filter Include="gui">
      <UniqueIdentifier>{44d241ec-2b4e-4449-a9ac-ae1eb0eb9fc6}</UniqueIdentifier>
    </Filter>
    <Filter Include="locale">
      <UniqueIdentifier>{919e2004-9f1c-465c-85a9-b3f1f9f7e84c}</UniqueIdentifier>
    </Filter>
    <Filter Include="translate">
      <UniqueIdentifier>{592d461a-5a46-4f0b-89de-9213fa161681}</UniqueIdentifier>
    </Filter>
    <Filter Include="config">
      <UniqueIdentifier>{20867a64-1c68-4da3-8f6f-b93bc4b2d3ae}</UniqueIdentifier>
    </Filter>
    <Filter Include="media">
      <UniqueIdentifier>{10e70b03-d7a3-4d5c-a2cc-fe5f2e6db661}</UniqueIdentifier>
    </Filter>
    <Filter Include="plugin">
      <UniqueIdentifier>{fc104ca8-bd19-43b2-8d93-9cddc59b2132}</UniqueIdentifier>
    </Filter>
    <Filter Include="plugin\scratch-original">
      <UniqueIdentifier>{eda4d3cd-c8ed-48e8-a575-6240ab37de6e}</UniqueIdentifier>
    </Filter>
    <Filter Include="interface">
      <UniqueIdentifier>{a083dce6-9962-4a6f-9f4c-2a4d72209fbf}</UniqueIdentifier>
    </Filter>
    <Filter Include="interface\python">
      <UniqueIdentifier>{ed5573f4-371c-41de-96c4-9ed8500aa297}</UniqueIdentifier>
    </Filter>
    <Filter Include="interface\java">
      <UniqueIdentifier>{94953a5b-91ee-4c90-9a5f-ce8bce48f63d}</UniqueIdentifier>
    </Filter>
    <Filter Include="interface\lua">
      <UniqueIdentifier>{e9cde459-d054-4ca4-bd89-0d4f66cfa4e3}</UniqueIdentifier>
    </Filter>
    <Filter Include="command">
      <UniqueIdentifier>{aa96f2b5-73c4-4bb2-a0ff-75b608563f4d}</UniqueIdentifier>
    </Filter>
    <Filter Include="interface\cpp">
      <UniqueIdentifier>{8fa8d5e7-bb00-4956-bca8-11f22c67a5e1}</UniqueIdentifier>
    </Filter>
  </ItemGroup>
  <ItemGroup>
    <ClInclude Include="util\Console.h">
      <Filter>util</Filter>
    </ClInclude>
    <ClInclude Include="gui\Paint.h">
      <Filter>gui</Filter>
    </ClInclude>
    <ClInclude Include="util\Rect.h">
      <Filter>util</Filter>
    </ClInclude>
    <ClInclude Include="translate\Translate.h">
      <Filter>translate</Filter>
    </ClInclude>
    <ClInclude Include="scratch\ScratchObject.h">
      <Filter>scratch</Filter>
    </ClInclude>
    <ClInclude Include="scratch\ScratchStage.h">
      <Filter>scratch</Filter>
    </ClInclude>
    <ClInclude Include="scratch\ScratchSprite.h">
      <Filter>scratch</Filter>
    </ClInclude>
    <ClInclude Include="resource.h" />
    <ClInclude Include="scratch\ScratchInfo.h">
      <Filter>scratch</Filter>
    </ClInclude>
    <ClInclude Include="scratch\ScratchCostume.h">
      <Filter>scratch</Filter>
    </ClInclude>
    <ClInclude Include="scratch\ScratchSound.h">
      <Filter>scratch</Filter>
    </ClInclude>
    <ClInclude Include="util\Json.h">
      <Filter>util</Filter>
    </ClInclude>
    <ClInclude Include="scratch\ScratchValue.h">
      <Filter>scratch</Filter>
    </ClInclude>
    <ClInclude Include="scratch\Scratch.h">
      <Filter>scratch</Filter>
    </ClInclude>
    <ClInclude Include="scratch\ScratchScript.h">
      <Filter>scratch</Filter>
    </ClInclude>
    <ClInclude Include="scratch\ScratchScriptPart.h">
      <Filter>scratch</Filter>
    </ClInclude>
    <ClInclude Include="scratch\ScratchSpec.h">
      <Filter>scratch</Filter>
    </ClInclude>
    <ClInclude Include="scratch\ScratchRuntime.h">
      <Filter>scratch</Filter>
    </ClInclude>
    <ClInclude Include="util\Color.h">
      <Filter>util</Filter>
    </ClInclude>
    <ClInclude Include="scratch\ScratchVariable.h">
      <Filter>scratch</Filter>
    </ClInclude>
    <ClInclude Include="command\EditorCommand.h">
      <Filter>command</Filter>
    </ClInclude>
    <ClInclude Include="util\FileIO.h">
      <Filter>util</Filter>
    </ClInclude>
  </ItemGroup>
  <ItemGroup>
    <None Include="config\style.json">
      <Filter>config</Filter>
    </None>
    <None Include="plugin\scratch-original\info.json">
      <Filter>plugin\scratch-original</Filter>
    </None>
    <None Include="plugin\scratch-original\plugin.py">
      <Filter>plugin\scratch-original</Filter>
    </None>
    <None Include="interface\java\ScratchExtension.java">
      <Filter>interface\java</Filter>
    </None>
    <None Include="interface\lua\ScratchExtension.lua">
      <Filter>interface\lua</Filter>
    </None>
    <None Include="interface\python\ScratchExtension.py">
      <Filter>interface\python</Filter>
    </None>
  </ItemGroup>
  <ItemGroup>
    <Xml Include="config\locale.xml">
      <Filter>config</Filter>
    </Xml>
    <Xml Include="config\path.xml">
      <Filter>config</Filter>
    </Xml>
    <Xml Include="config\plugin.xml">
      <Filter>config</Filter>
    </Xml>
  </ItemGroup>
  <ItemGroup>
    <ResourceCompile Include="ZScratch.rc" />
  </ItemGroup>
</Project>